
Microsoft Visual Studio Solution File, Format Version 12.00
# Visual Studio Version 16
VisualStudioVersion = 16.0.31702.278
MinimumVisualStudioVersion = 10.0.40219.1
Project("{FAE04EC0-301F-11D3-BF4B-00C04F79EFBC}") = "PentiMovie.Android", "PentiMovie\PentiMovie.Android\PentiMovie.Android.csproj", "{01720563-2C64-407A-BBCA-4F6246A2B9D7}"
EndProject
Project("{FAE04EC0-301F-11D3-BF4B-00C04F79EFBC}") = "PentiMovie", "PentiMovie\PentiMovie\PentiMovie.csproj", "{5A1BE569-E962-4974-A4D8-810BF87374BD}"
EndProject
Global
	GlobalSection(SolutionConfigurationPlatforms) = preSolution
		Debug|Any CPU = Debug|Any CPU
		Release|Any CPU = Release|Any CPU
	EndGlobalSection
	GlobalSection(ProjectConfigurationPlatforms) = postSolution
		{01720563-2C64-407A-BBCA-4F6246A2B9D7}.Debug|Any CPU.ActiveCfg = Debug|Any CPU
		{01720563-2C64-407A-BBCA-4F6246A2B9D7}.Debug|Any CPU.Build.0 = Debug|Any CPU
		{01720563-2C64-407A-BBCA-4F6246A2B9D7}.Debug|Any CPU.Deploy.0 = Debug|Any CPU
		{01720563-2C64-407A-BBCA-4F6246A2B9D7}.Release|Any CPU.ActiveCfg = Release|Any CPU
		{01720563-2C64-407A-BBCA-4F6246A2B9D7}.Release|Any CPU.Build.0 = Release|Any CPU
		{01720563-2C64-407A-BBCA-4F6246A2B9D7}.Release|Any CPU.Deploy.0 = Release|Any CPU
		{5A1BE569-E962-4974-A4D8-810BF87374BD}.Debug|Any CPU.ActiveCfg = Debug|Any CPU
		{5A1BE569-E962-4974-A4D8-810BF87374BD}.Debug|Any CPU.Build.0 = Debug|Any CPU
		{5A1BE569-E962-4974-A4D8-810BF87374BD}.Debug|Any CPU.Deploy.0 = Debug|Any CPU
		{5A1BE569-E962-4974-A4D8-810BF87374BD}.Release|Any CPU.ActiveCfg = Release|Any CPU
		{5A1BE569-E962-4974-A4D8-810BF87374BD}.Release|Any CPU.Build.0 = Release|Any CPU
		{5A1BE569-E962-4974-A4D8-810BF87374BD}.Release|Any CPU.Deploy.0 = Release|Any CPU
	EndGlobalSection
	GlobalSection(SolutionProperties) = preSolution
		HideSolutionNode = FALSE
	EndGlobalSection
	GlobalSection(ExtensibilityGlobals) = postSolution
		SolutionGuid = {67CA8395-1CAC-40D9-B959-767AB1D3669B}
	EndGlobalSection
EndGlobal
